{
  "name": "@dotrino/sso-client",
  "version": "0.1.0",
  "lockfileVersion": 3,
  "requires": true,
  "packages": {
    "": {
      "name": "@dotrino/sso-client",
      "version": "0.1.0",
      "license": "MIT",
      "devDependencies": {
        "@dotrino/identity": "0.86.1"
      },
      "peerDependencies": {
        "@dotrino/identity": ">=0.86.0"
      }
    },
    "node_modules/@dotrino/identity": {
      "version": "0.86.1",
      "resolved": "https://registry.npmjs.org/@dotrino/identity/-/identity-0.86.1.tgz",
      "integrity": "sha512-mX0iEdmzkDiT1UWvUKdWz6/50Qzp3uNEmOQTeCBZ6ZFEQlsz8XIglT/enj0qMTfBgu5U5gUXqgHJG3SEymzd+w==",
      "dev": true,
      "license": "MIT",
      "peerDependencies": {
        "@dotrino/proxy-client": ">=0.13.1"
      }
    },
    "node_modules/@dotrino/proxy-client": {
      "version": "0.18.2",
      "resolved": "https://registry.npmjs.org/@dotrino/proxy-client/-/proxy-client-0.18.2.tgz",
      "integrity": "sha512-JIHtsI/Fm2OcAncGq2TAZnMzMbWPKUcdox1esKfy+lgG5ZENTUje6DtaZrJQwmfsk1iUkHRNpJ58Yq/9YgLVBA==",
      "dev": true,
      "license": "MIT",
      "peer": true,
      "peerDependencies": {
        "@dotrino/identity": ">=0.53.0"
      },
      "peerDependenciesMeta": {
        "@dotrino/identity": {
          "optional": true
        }
      }
    }
  }
}
